
Microsoft Visual Studio Solution File, Format Version 12.00
Project("{FAE04EC0-301F-11D3-BF4B-00C04F79EFBC}") = "CurrencyExchangeAPI", "CurrencyExchangeAPI\CurrencyExchangeAPI.csproj", "{EDE97C91-FCD4-4349-8E16-B95F41F0F0F7}"
EndProject
Global
	GlobalSection(SolutionConfigurationPlatforms) = preSolution
		Debug|Any CPU = Debug|Any CPU
		Release|Any CPU = Release|Any CPU
	EndGlobalSection
	GlobalSection(ProjectConfigurationPlatforms) = postSolution
		{EDE97C91-FCD4-4349-8E16-B95F41F0F0F7}.Debug|Any CPU.ActiveCfg = Debug|Any CPU
		{EDE97C91-FCD4-4349-8E16-B95F41F0F0F7}.Debug|Any CPU.Build.0 = Debug|Any CPU
		{EDE97C91-FCD4-4349-8E16-B95F41F0F0F7}.Release|Any CPU.ActiveCfg = Release|Any CPU
		{EDE97C91-FCD4-4349-8E16-B95F41F0F0F7}.Release|Any CPU.Build.0 = Release|Any CPU
	EndGlobalSection
EndGlobal
